
Microsoft Visual Studio Solution File, Format Version 12.00
# Visual Studio 15
Project("{FAE04EC0-301F-11D3-BF4B-00C04F79EFBC}") = "UnityEngine.TestRunner", "UnityEngine.TestRunner.csproj", "{8613E007-4716-8337-85A6-FCA2AECEFC65}"
EndProject
Project("{FAE04EC0-301F-11D3-BF4B-00C04F79EFBC}") = "UnityEngine.UI", "UnityEngine.UI.csproj", "{22793CED-0D88-0B82-46F3-09D6E78E2107}"
EndProject
Project("{FAE04EC0-301F-11D3-BF4B-00C04F79EFBC}") = "Unity.VisualScripting.Flow", "Unity.VisualScripting.Flow.csproj", "{97E8FE75-1936-6FA7-60E0-D0A526D46983}"
EndProject
Project("{FAE04EC0-301F-11D3-BF4B-00C04F79EFBC}") = "Unity.Mathematics", "Unity.Mathematics.csproj", "{3D36F87D-91BE-8EBC-30CB-DA3092C69651}"
EndProject
Project("{FAE04EC0-301F-11D3-BF4B-00C04F79EFBC}") = "Unity.Services.Core.Telemetry", "Unity.Services.Core.Telemetry.csproj", "{79748AAE-F407-30BB-5BC6-C5D69E15FC9C}"
EndProject
Project("{FAE04EC0-301F-11D3-BF4B-00C04F79EFBC}") = "Unity.VisualScripting.State", "Unity.VisualScripting.State.csproj", "{9BA8B06D-7490-EB51-0ED2-47EDA3894828}"
EndProject
Project("{FAE04EC0-301F-11D3-BF4B-00C04F79EFBC}") = "Unity.VisualScripting.Core", "Unity.VisualScripting.Core.csproj", "{2CB3FCC8-51AD-F048-3B94-D578FC2AD3D1}"
EndProject
Project("{FAE04EC0-301F-11D3-BF4B-00C04F79EFBC}") = "Unity.Localization", "Unity.Localization.csproj", "{8DFE9F78-3295-F40F-B128-6C201CB015F6}"
EndProject
Project("{FAE04EC0-301F-11D3-BF4B-00C04F79EFBC}") = "Unity.Services.Core.Environments.Internal", "Unity.Services.Core.Environments.Internal.csproj", "{DC7E1E48-1DE2-4B7C-21A5-EFB1163F454E}"
EndProject
Project("{FAE04EC0-301F-11D3-BF4B-00C04F79EFBC}") = "Unity.Burst", "Unity.Burst.csproj", "{9DD1DCF3-CBB7-D3E2-4D8B-CDF8CE77D5B3}"
EndProject
Project("{FAE04EC0-301F-11D3-BF4B-00C04F79EFBC}") = "Unity.2D.Animation.Runtime", "Unity.2D.Animation.Runtime.csproj", "{9297A589-8DB3-6CE7-A02B-3FBE18964843}"
EndProject
Project("{FAE04EC0-301F-11D3-BF4B-00C04F79EFBC}") = "Unity.TextMeshPro", "Unity.TextMeshPro.csproj", "{1C56B0B5-9AD0-9A06-2BF2-655BAA51CC67}"
EndProject
Project("{FAE04EC0-301F-11D3-BF4B-00C04F79EFBC}") = "Unity.Addressables", "Unity.Addressables.csproj", "{CC7EEF27-3C81-C871-4C5C-71C292AC92A7}"
EndProject
Project("{FAE04EC0-301F-11D3-BF4B-00C04F79EFBC}") = "Unity.Timeline", "Unity.Timeline.csproj", "{D44E8EEC-43AB-622B-5D19-BFC28525B863}"
EndProject
Project("{FAE04EC0-301F-11D3-BF4B-00C04F79EFBC}") = "Unity.Services.Core", "Unity.Services.Core.csproj", "{B5C42627-05D9-A717-EB0B-5D650D469258}"
EndProject
Project("{FAE04EC0-301F-11D3-BF4B-00C04F79EFBC}") = "Unity.ResourceManager", "Unity.ResourceManager.csproj", "{A0319131-945F-D863-33E7-ECF5850A965E}"
EndProject
Project("{FAE04EC0-301F-11D3-BF4B-00C04F79EFBC}") = "Unity.Services.Core.Environments", "Unity.Services.Core.Environments.csproj", "{84A05AC7-A891-C9F2-ECBF-F88F59D22F19}"
EndProject
Project("{FAE04EC0-301F-11D3-BF4B-00C04F79EFBC}") = "Unity.Services.Core.Internal", "Unity.Services.Core.Internal.csproj", "{DA4CBE2F-D05F-6557-F60C-3FDE441958BE}"
EndProject
Project("{FAE04EC0-301F-11D3-BF4B-00C04F79EFBC}") = "Unity.Services.Core.Analytics", "Unity.Services.Core.Analytics.csproj", "{693E9E12-A17C-7E31-7488-02D8F0D89925}"
EndProject
Project("{FAE04EC0-301F-11D3-BF4B-00C04F79EFBC}") = "Unity.2D.SpriteShape.Runtime", "Unity.2D.SpriteShape.Runtime.csproj", "{6A9419E7-84FB-B589-32CA-427D48061A5F}"
EndProject
Project("{FAE04EC0-301F-11D3-BF4B-00C04F79EFBC}") = "Unity.ScriptableBuildPipeline", "Unity.ScriptableBuildPipeline.csproj", "{57945CFC-CB6D-F277-470A-13D2E7E4478A}"
EndProject
Project("{FAE04EC0-301F-11D3-BF4B-00C04F79EFBC}") = "Unity.Services.Core.Scheduler", "Unity.Services.Core.Scheduler.csproj", "{2C263169-CBAB-C96E-B386-3A097F4F406B}"
EndProject
Project("{FAE04EC0-301F-11D3-BF4B-00C04F79EFBC}") = "Unity.Services.Core.Registration", "Unity.Services.Core.Registration.csproj", "{FD577AE0-2904-45FB-47B2-27764FA2418A}"
EndProject
Project("{FAE04EC0-301F-11D3-BF4B-00C04F79EFBC}") = "Unity.2D.PixelPerfect", "Unity.2D.PixelPerfect.csproj", "{8AEBB1F8-B5DC-7396-FCD9-6F4164546143}"
EndProject
Project("{FAE04EC0-301F-11D3-BF4B-00C04F79EFBC}") = "Unity.2D.Common.Runtime", "Unity.2D.Common.Runtime.csproj", "{B0C75021-3F50-FC9F-82B8-EA01CBA9344B}"
EndProject
Project("{FAE04EC0-301F-11D3-BF4B-00C04F79EFBC}") = "Unity.2D.IK.Runtime", "Unity.2D.IK.Runtime.csproj", "{9A5B5168-1A81-E5DE-110B-51BB981A5863}"
EndProject
Project("{FAE04EC0-301F-11D3-BF4B-00C04F79EFBC}") = "Unity.Services.Core.Device", "Unity.Services.Core.Device.csproj", "{DEC5E85A-A689-E61D-EFF8-22773676252D}"
EndProject
Project("{FAE04EC0-301F-11D3-BF4B-00C04F79EFBC}") = "Unity.Services.Core.Threading", "Unity.Services.Core.Threading.csproj", "{5EEB15C5-5405-391B-2D5A-ADFDDC160F6D}"
EndProject
Project("{FAE04EC0-301F-11D3-BF4B-00C04F79EFBC}") = "Assembly-CSharp", "Assembly-CSharp.csproj", "{9EA07475-4CF3-948B-3D88-46D5D01580C3}"
EndProject
Project("{FAE04EC0-301F-11D3-BF4B-00C04F79EFBC}") = "Unity.2D.Tilemap.Extras", "Unity.2D.Tilemap.Extras.csproj", "{BFAE3C90-9AAF-DBBA-0DD4-C204276EF712}"
EndProject
Project("{FAE04EC0-301F-11D3-BF4B-00C04F79EFBC}") = "Unity.Services.Core.Networking", "Unity.Services.Core.Networking.csproj", "{F46229AE-DE78-399F-A6A3-407DC9DFB06A}"
EndProject
Project("{FAE04EC0-301F-11D3-BF4B-00C04F79EFBC}") = "Unity.InternalAPIEngineBridge.001", "Unity.InternalAPIEngineBridge.001.csproj", "{FDFF25A0-5118-40C9-3AF6-094A232B847F}"
EndProject
Project("{FAE04EC0-301F-11D3-BF4B-00C04F79EFBC}") = "Unity.Services.Core.Configuration", "Unity.Services.Core.Configuration.csproj", "{61277AA5-6B45-665D-758F-322364DCB044}"
EndProject
Project("{FAE04EC0-301F-11D3-BF4B-00C04F79EFBC}") = "Unity.InternalAPIEngineBridge.013", "Unity.InternalAPIEngineBridge.013.csproj", "{A4111BA8-71F3-EC5E-0042-82B052AC0C6F}"
EndProject
Project("{FAE04EC0-301F-11D3-BF4B-00C04F79EFBC}") = "Unity.PlasticSCM.Editor", "Unity.PlasticSCM.Editor.csproj", "{B6ABECC3-53AC-DD83-247F-C01BBB807C46}"
EndProject
Project("{FAE04EC0-301F-11D3-BF4B-00C04F79EFBC}") = "Unity.VisualScripting.Core.Editor", "Unity.VisualScripting.Core.Editor.csproj", "{0C8E2638-31E2-6211-D704-682EFDCD3D9C}"
EndProject
Project("{FAE04EC0-301F-11D3-BF4B-00C04F79EFBC}") = "Unity.VisualScripting.Flow.Editor", "Unity.VisualScripting.Flow.Editor.csproj", "{0C4214BA-846D-12B9-6208-12AC598C67D1}"
EndProject
Project("{FAE04EC0-301F-11D3-BF4B-00C04F79EFBC}") = "Unity.Localization.Editor", "Unity.Localization.Editor.csproj", "{F598E07E-9540-51F7-0837-C6352122C904}"
EndProject
Project("{FAE04EC0-301F-11D3-BF4B-00C04F79EFBC}") = "Unity.Addressables.Editor", "Unity.Addressables.Editor.csproj", "{C33A42B0-D0CD-8C39-8689-BEC1F052DFBD}"
EndProject
Project("{FAE04EC0-301F-11D3-BF4B-00C04F79EFBC}") = "Unity.VisualStudio.Editor", "Unity.VisualStudio.Editor.csproj", "{B17BED02-0124-15AF-C43E-1DEA2428FE14}"
EndProject
Project("{FAE04EC0-301F-11D3-BF4B-00C04F79EFBC}") = "Unity.Timeline.Editor", "Unity.Timeline.Editor.csproj", "{4E79EA9C-E459-AC96-9A34-4566FD045F53}"
EndProject
Project("{FAE04EC0-301F-11D3-BF4B-00C04F79EFBC}") = "Unity.VisualScripting.State.Editor", "Unity.VisualScripting.State.Editor.csproj", "{1327F001-4372-0A5D-D92C-B61AEC32BF7A}"
EndProject
Project("{FAE04EC0-301F-11D3-BF4B-00C04F79EFBC}") = "Unity.TextMeshPro.Editor", "Unity.TextMeshPro.Editor.csproj", "{E0CB4D15-D5B1-2BDE-C6B6-DCB7011C09E8}"
EndProject
Project("{FAE04EC0-301F-11D3-BF4B-00C04F79EFBC}") = "Unity.2D.PixelPerfect.Editor", "Unity.2D.PixelPerfect.Editor.csproj", "{9368DDE0-A6EE-7C96-7E1B-7A436CF27DE1}"
EndProject
Project("{FAE04EC0-301F-11D3-BF4B-00C04F79EFBC}") = "Unity.2D.Animation.Editor", "Unity.2D.Animation.Editor.csproj", "{1C8D2C5C-239D-F2EA-8A89-3CFDDBD46C47}"
EndProject
Project("{FAE04EC0-301F-11D3-BF4B-00C04F79EFBC}") = "Unity.VisualScripting.SettingsProvider.Editor", "Unity.VisualScripting.SettingsProvider.Editor.csproj", "{54EA30DD-05A0-093E-70DF-390E036AE9F5}"
EndProject
Project("{FAE04EC0-301F-11D3-BF4B-00C04F79EFBC}") = "Unity.CollabProxy.Editor", "Unity.CollabProxy.Editor.csproj", "{1D61EA0E-12C6-C508-0081-8A4D1D988312}"
EndProject
Project("{FAE04EC0-301F-11D3-BF4B-00C04F79EFBC}") = "UnityEditor.TestRunner", "UnityEditor.TestRunner.csproj", "{8B73A86B-EE62-AF20-EDEB-9E4EBC5EE65D}"
EndProject
Project("{FAE04EC0-301F-11D3-BF4B-00C04F79EFBC}") = "Unity.2D.Tilemap.Editor", "Unity.2D.Tilemap.Editor.csproj", "{34D6D12A-0366-D268-6E05-16361FA3CA40}"
EndProject
Project("{FAE04EC0-301F-11D3-BF4B-00C04F79EFBC}") = "Unity.Services.Core.Editor", "Unity.Services.Core.Editor.csproj", "{F13A62B2-0B9A-01D5-739C-329B40F26893}"
EndProject
Project("{FAE04EC0-301F-11D3-BF4B-00C04F79EFBC}") = "Unity.Rider.Editor", "Unity.Rider.Editor.csproj", "{75ECB21D-E3FC-7398-B743-BEA85EC328F4}"
EndProject
Project("{FAE04EC0-301F-11D3-BF4B-00C04F79EFBC}") = "Unity.ScriptableBuildPipeline.Editor", "Unity.ScriptableBuildPipeline.Editor.csproj", "{4B97BA46-8543-8C34-F950-052DFD1507D7}"
EndProject
Project("{FAE04EC0-301F-11D3-BF4B-00C04F79EFBC}") = "Unity.2D.Path.Editor", "Unity.2D.Path.Editor.csproj", "{7CA69EE8-19E9-60C0-631C-34079CDF9E7C}"
EndProject
Project("{FAE04EC0-301F-11D3-BF4B-00C04F79EFBC}") = "PsdPlugin", "PsdPlugin.csproj", "{07D283FF-ADC2-E474-BEC7-C598A606838E}"
EndProject
Project("{FAE04EC0-301F-11D3-BF4B-00C04F79EFBC}") = "Unity.2D.IK.Editor", "Unity.2D.IK.Editor.csproj", "{E130E9C5-2666-C997-D0AD-022762805378}"
EndProject
Project("{FAE04EC0-301F-11D3-BF4B-00C04F79EFBC}") = "Unity.2D.Psdimporter.Editor", "Unity.2D.Psdimporter.Editor.csproj", "{2A3ED0AC-A504-D471-F160-CB5DE3E96877}"
EndProject
Project("{FAE04EC0-301F-11D3-BF4B-00C04F79EFBC}") = "Unity.2D.SpriteShape.Editor", "Unity.2D.SpriteShape.Editor.csproj", "{BC787AC1-8789-C30F-2F3B-499C6AD44349}"
EndProject
Project("{FAE04EC0-301F-11D3-BF4B-00C04F79EFBC}") = "Unity.Burst.CodeGen", "Unity.Burst.CodeGen.csproj", "{78ADD63B-6F29-709A-F812-5D4AA283118A}"
EndProject
Project("{FAE04EC0-301F-11D3-BF4B-00C04F79EFBC}") = "Unity.VSCode.Editor", "Unity.VSCode.Editor.csproj", "{0ACBE6E5-147B-FB9E-3357-9C48DB359981}"
EndProject
Project("{FAE04EC0-301F-11D3-BF4B-00C04F79EFBC}") = "Unity.2D.Sprite.Editor", "Unity.2D.Sprite.Editor.csproj", "{01B49058-0A01-F514-1C28-15C6C5537F5D}"
EndProject
Project("{FAE04EC0-301F-11D3-BF4B-00C04F79EFBC}") = "UnityEditor.UI", "UnityEditor.UI.csproj", "{D201B1A6-4FCD-9BDF-515D-AE55BB8ACCF2}"
EndProject
Project("{FAE04EC0-301F-11D3-BF4B-00C04F79EFBC}") = "Unity.2D.Common.Editor", "Unity.2D.Common.Editor.csproj", "{E0AAB690-FD54-772A-C853-3333DBE470F2}"
EndProject
Project("{FAE04EC0-301F-11D3-BF4B-00C04F79EFBC}") = "Unity.InternalAPIEditorBridge.013", "Unity.InternalAPIEditorBridge.013.csproj", "{23966308-A3A7-64A0-E321-7C5CB85D477C}"
EndProject
Project("{FAE04EC0-301F-11D3-BF4B-00C04F79EFBC}") = "Unity.Mathematics.Editor", "Unity.Mathematics.Editor.csproj", "{A128A5EF-057C-830C-7D7B-231A96EC6DD2}"
EndProject
Project("{FAE04EC0-301F-11D3-BF4B-00C04F79EFBC}") = "Unity.Services.Core.Configuration.Editor", "Unity.Services.Core.Configuration.Editor.csproj", "{0EE026F8-5269-633D-187D-B8E00D9B3889}"
EndProject
Project("{FAE04EC0-301F-11D3-BF4B-00C04F79EFBC}") = "UnityEditor.CacheServer", "UnityEditor.CacheServer.csproj", "{B3FD4132-0421-11DD-9048-C2C776A9AC05}"
EndProject
Project("{FAE04EC0-301F-11D3-BF4B-00C04F79EFBC}") = "Unity.2D.Tilemap.Extras.Editor", "Unity.2D.Tilemap.Extras.Editor.csproj", "{5C8E6D8F-622E-E48B-965D-83136A673A08}"
EndProject
Project("{FAE04EC0-301F-11D3-BF4B-00C04F79EFBC}") = "Unity.Burst.Editor", "Unity.Burst.Editor.csproj", "{F44E0E1B-8D55-3A2E-0727-A77AD070A743}"
EndProject
Project("{FAE04EC0-301F-11D3-BF4B-00C04F79EFBC}") = "Unity.InternalAPIEditorBridge.001", "Unity.InternalAPIEditorBridge.001.csproj", "{882CE7DD-1C74-A85F-C359-940F2913D50E}"
EndProject
Project("{FAE04EC0-301F-11D3-BF4B-00C04F79EFBC}") = "Unity.VisualScripting.Shared.Editor", "Unity.VisualScripting.Shared.Editor.csproj", "{11B59460-72C5-86D4-844A-FCEE31A18E19}"
EndProject
Project("{FAE04EC0-301F-11D3-BF4B-00C04F79EFBC}") = "UnityEngine.TestRunner", "UnityEngine.TestRunner.Player.csproj", "{44DD2852-B2D1-4730-D54D-4A667C4966AC}"
EndProject
Project("{FAE04EC0-301F-11D3-BF4B-00C04F79EFBC}") = "UnityEngine.UI", "UnityEngine.UI.Player.csproj", "{2DE42A09-8111-9A1C-D8E5-EE1FD9E26E46}"
EndProject
Project("{FAE04EC0-301F-11D3-BF4B-00C04F79EFBC}") = "Unity.VisualScripting.Flow", "Unity.VisualScripting.Flow.Player.csproj", "{F1E4AA30-BCD3-9858-88F9-880F763B80AF}"
EndProject
Project("{FAE04EC0-301F-11D3-BF4B-00C04F79EFBC}") = "Unity.Mathematics", "Unity.Mathematics.Player.csproj", "{C0364EBF-5695-18C1-67B5-D8BD22C65BED}"
EndProject
Project("{FAE04EC0-301F-11D3-BF4B-00C04F79EFBC}") = "Unity.Services.Core.Telemetry", "Unity.Services.Core.Telemetry.Player.csproj", "{359E508D-165F-88F7-A5E3-C55C50EB676C}"
EndProject
Project("{FAE04EC0-301F-11D3-BF4B-00C04F79EFBC}") = "Unity.VisualScripting.State", "Unity.VisualScripting.State.Player.csproj", "{86EA1A6D-AEF5-DDDD-A756-71641E5E1FDF}"
EndProject
Project("{FAE04EC0-301F-11D3-BF4B-00C04F79EFBC}") = "Unity.VisualScripting.Core", "Unity.VisualScripting.Core.Player.csproj", "{A5ADD165-F892-FF8D-0278-807DC4BA244C}"
EndProject
Project("{FAE04EC0-301F-11D3-BF4B-00C04F79EFBC}") = "Unity.Localization", "Unity.Localization.Player.csproj", "{69530BBE-94D5-58AC-5884-2E99E3A46D07}"
EndProject
Project("{FAE04EC0-301F-11D3-BF4B-00C04F79EFBC}") = "Unity.Services.Core.Environments.Internal", "Unity.Services.Core.Environments.Internal.Player.csproj", "{E9DA6886-9877-1D86-2722-AD377A26F8B8}"
EndProject
Project("{FAE04EC0-301F-11D3-BF4B-00C04F79EFBC}") = "Unity.Burst", "Unity.Burst.Player.csproj", "{5B90E203-81B1-B25F-F96D-1963A8631464}"
EndProject
Project("{FAE04EC0-301F-11D3-BF4B-00C04F79EFBC}") = "Unity.2D.Animation.Runtime", "Unity.2D.Animation.Runtime.Player.csproj", "{86C67F29-8417-EB40-0F08-86D625C8FBA5}"
EndProject
Project("{FAE04EC0-301F-11D3-BF4B-00C04F79EFBC}") = "Unity.TextMeshPro", "Unity.TextMeshPro.Player.csproj", "{1A49DE1B-DCBF-B219-B6EF-5CF3E8B2D1D1}"
EndProject
Project("{FAE04EC0-301F-11D3-BF4B-00C04F79EFBC}") = "Unity.Addressables", "Unity.Addressables.Player.csproj", "{A0BE743A-B1BB-397F-9608-03709D3400C5}"
EndProject
Project("{FAE04EC0-301F-11D3-BF4B-00C04F79EFBC}") = "Unity.Timeline", "Unity.Timeline.Player.csproj", "{BC09F3B3-CFC6-700E-A2A0-0DDC58FA8AF4}"
EndProject
Project("{FAE04EC0-301F-11D3-BF4B-00C04F79EFBC}") = "Unity.Services.Core", "Unity.Services.Core.Player.csproj", "{082869CD-7928-1DCD-BAE5-8ADF46901006}"
EndProject
Project("{FAE04EC0-301F-11D3-BF4B-00C04F79EFBC}") = "Unity.ResourceManager", "Unity.ResourceManager.Player.csproj", "{725B9F98-BE0A-9CD6-C61A-767C849A02BF}"
EndProject
Project("{FAE04EC0-301F-11D3-BF4B-00C04F79EFBC}") = "Unity.Services.Core.Environments", "Unity.Services.Core.Environments.Player.csproj", "{6835D22F-1F78-6EBC-1E6B-DEE25ADC109A}"
EndProject
Project("{FAE04EC0-301F-11D3-BF4B-00C04F79EFBC}") = "Unity.Services.Core.Internal", "Unity.Services.Core.Internal.Player.csproj", "{ED5887E2-9425-9F1E-5C48-10A05F1B150D}"
EndProject
Project("{FAE04EC0-301F-11D3-BF4B-00C04F79EFBC}") = "Unity.Services.Core.Analytics", "Unity.Services.Core.Analytics.Player.csproj", "{2DF94C08-4099-2A48-C661-11BF3C70E832}"
EndProject
Project("{FAE04EC0-301F-11D3-BF4B-00C04F79EFBC}") = "Unity.2D.SpriteShape.Runtime", "Unity.2D.SpriteShape.Runtime.Player.csproj", "{5D6AA689-D279-BB15-6CF1-BECEFD9A1CFA}"
EndProject
Project("{FAE04EC0-301F-11D3-BF4B-00C04F79EFBC}") = "Unity.ScriptableBuildPipeline", "Unity.ScriptableBuildPipeline.Player.csproj", "{10AF0895-4D6D-A252-9F13-A4AF8DEE957D}"
EndProject
Project("{FAE04EC0-301F-11D3-BF4B-00C04F79EFBC}") = "Unity.Services.Core.Scheduler", "Unity.Services.Core.Scheduler.Player.csproj", "{5B6FC3F8-D16A-2973-8AA2-8DB66C83744D}"
EndProject
Project("{FAE04EC0-301F-11D3-BF4B-00C04F79EFBC}") = "Unity.Services.Core.Registration", "Unity.Services.Core.Registration.Player.csproj", "{9A24C48B-FA88-4904-85F9-45618DFA4860}"
EndProject
Project("{FAE04EC0-301F-11D3-BF4B-00C04F79EFBC}") = "Unity.2D.PixelPerfect", "Unity.2D.PixelPerfect.Player.csproj", "{7B9B8A64-C471-B2F3-232A-5E03FF66EA72}"
EndProject
Project("{FAE04EC0-301F-11D3-BF4B-00C04F79EFBC}") = "Unity.2D.Common.Runtime", "Unity.2D.Common.Runtime.Player.csproj", "{2E4C308C-B99A-885D-84A0-A0F4514BEA45}"
EndProject
Project("{FAE04EC0-301F-11D3-BF4B-00C04F79EFBC}") = "Unity.2D.IK.Runtime", "Unity.2D.IK.Runtime.Player.csproj", "{EC9814FD-EF55-A4C8-76C0-66CE5A0771B2}"
EndProject
Project("{FAE04EC0-301F-11D3-BF4B-00C04F79EFBC}") = "Unity.Services.Core.Device", "Unity.Services.Core.Device.Player.csproj", "{4A9755A2-36A9-6804-80EE-6B0BE105AAC0}"
EndProject
Project("{FAE04EC0-301F-11D3-BF4B-00C04F79EFBC}") = "Unity.Services.Core.Threading", "Unity.Services.Core.Threading.Player.csproj", "{252FA04A-044E-335A-D658-A5A4147697A2}"
EndProject
Project("{FAE04EC0-301F-11D3-BF4B-00C04F79EFBC}") = "Assembly-CSharp", "Assembly-CSharp.Player.csproj", "{BDE61A79-4EA8-1E29-AA1C-C9B546A696A8}"
EndProject
Project("{FAE04EC0-301F-11D3-BF4B-00C04F79EFBC}") = "Unity.2D.Tilemap.Extras", "Unity.2D.Tilemap.Extras.Player.csproj", "{EC386B3B-25BE-5668-2D8D-7E904DAD8254}"
EndProject
Project("{FAE04EC0-301F-11D3-BF4B-00C04F79EFBC}") = "Unity.Services.Core.Networking", "Unity.Services.Core.Networking.Player.csproj", "{459449A5-A114-AD7E-B5CF-FD27A4412333}"
EndProject
Project("{FAE04EC0-301F-11D3-BF4B-00C04F79EFBC}") = "Unity.InternalAPIEngineBridge.001", "Unity.InternalAPIEngineBridge.001.Player.csproj", "{4ABFF0F2-C8FC-C3F2-3D07-7F18F9FE57BC}"
EndProject
Project("{FAE04EC0-301F-11D3-BF4B-00C04F79EFBC}") = "Unity.Services.Core.Configuration", "Unity.Services.Core.Configuration.Player.csproj", "{1C5D203A-A0EA-F7F5-30F8-3520C6B8E2DD}"
EndProject
Project("{FAE04EC0-301F-11D3-BF4B-00C04F79EFBC}") = "Unity.InternalAPIEngineBridge.013", "Unity.InternalAPIEngineBridge.013.Player.csproj", "{CD2CF068-4621-EA04-B9DE-7B08399C9D04}"
EndProject
Global
	GlobalSection(SolutionConfigurationPlatforms) = preSolution
		Debug|Any CPU = Debug|Any CPU
		Release|Any CPU = Release|Any CPU
	EndGlobalSection
	GlobalSection(ProjectConfigurationPlatforms) = postSolution
		{8613E007-4716-8337-85A6-FCA2AECEFC65}.Debug|Any CPU.ActiveCfg = Debug|Any CPU
		{8613E007-4716-8337-85A6-FCA2AECEFC65}.Debug|Any CPU.Build.0 = Debug|Any CPU
		{8613E007-4716-8337-85A6-FCA2AECEFC65}.Release|Any CPU.ActiveCfg = Release|Any CPU
		{8613E007-4716-8337-85A6-FCA2AECEFC65}.Release|Any CPU.Build.0 = Release|Any CPU
		{22793CED-0D88-0B82-46F3-09D6E78E2107}.Debug|Any CPU.ActiveCfg = Debug|Any CPU
		{22793CED-0D88-0B82-46F3-09D6E78E2107}.Debug|Any CPU.Build.0 = Debug|Any CPU
		{22793CED-0D88-0B82-46F3-09D6E78E2107}.Release|Any CPU.ActiveCfg = Release|Any CPU
		{22793CED-0D88-0B82-46F3-09D6E78E2107}.Release|Any CPU.Build.0 = Release|Any CPU
		{97E8FE75-1936-6FA7-60E0-D0A526D46983}.Debug|Any CPU.ActiveCfg = Debug|Any CPU
		{97E8FE75-1936-6FA7-60E0-D0A526D46983}.Debug|Any CPU.Build.0 = Debug|Any CPU
		{97E8FE75-1936-6FA7-60E0-D0A526D46983}.Release|Any CPU.ActiveCfg = Release|Any CPU
		{97E8FE75-1936-6FA7-60E0-D0A526D46983}.Release|Any CPU.Build.0 = Release|Any CPU
		{3D36F87D-91BE-8EBC-30CB-DA3092C69651}.Debug|Any CPU.ActiveCfg = Debug|Any CPU
		{3D36F87D-91BE-8EBC-30CB-DA3092C69651}.Debug|Any CPU.Build.0 = Debug|Any CPU
		{3D36F87D-91BE-8EBC-30CB-DA3092C69651}.Release|Any CPU.ActiveCfg = Release|Any CPU
		{3D36F87D-91BE-8EBC-30CB-DA3092C69651}.Release|Any CPU.Build.0 = Release|Any CPU
		{79748AAE-F407-30BB-5BC6-C5D69E15FC9C}.Debug|Any CPU.ActiveCfg = Debug|Any CPU
		{79748AAE-F407-30BB-5BC6-C5D69E15FC9C}.Debug|Any CPU.Build.0 = Debug|Any CPU
		{79748AAE-F407-30BB-5BC6-C5D69E15FC9C}.Release|Any CPU.ActiveCfg = Release|Any CPU
		{79748AAE-F407-30BB-5BC6-C5D69E15FC9C}.Release|Any CPU.Build.0 = Release|Any CPU
		{9BA8B06D-7490-EB51-0ED2-47EDA3894828}.Debug|Any CPU.ActiveCfg = Debug|Any CPU
		{9BA8B06D-7490-EB51-0ED2-47EDA3894828}.Debug|Any CPU.Build.0 = Debug|Any CPU
		{9BA8B06D-7490-EB51-0ED2-47EDA3894828}.Release|Any CPU.ActiveCfg = Release|Any CPU
		{9BA8B06D-7490-EB51-0ED2-47EDA3894828}.Release|Any CPU.Build.0 = Release|Any CPU
		{2CB3FCC8-51AD-F048-3B94-D578FC2AD3D1}.Debug|Any CPU.ActiveCfg = Debug|Any CPU
		{2CB3FCC8-51AD-F048-3B94-D578FC2AD3D1}.Debug|Any CPU.Build.0 = Debug|Any CPU
		{2CB3FCC8-51AD-F048-3B94-D578FC2AD3D1}.Release|Any CPU.ActiveCfg = Release|Any CPU
		{2CB3FCC8-51AD-F048-3B94-D578FC2AD3D1}.Release|Any CPU.Build.0 = Release|Any CPU
		{8DFE9F78-3295-F40F-B128-6C201CB015F6}.Debug|Any CPU.ActiveCfg = Debug|Any CPU
		{8DFE9F78-3295-F40F-B128-6C201CB015F6}.Debug|Any CPU.Build.0 = Debug|Any CPU
		{8DFE9F78-3295-F40F-B128-6C201CB015F6}.Release|Any CPU.ActiveCfg = Release|Any CPU
		{8DFE9F78-3295-F40F-B128-6C201CB015F6}.Release|Any CPU.Build.0 = Release|Any CPU
		{DC7E1E48-1DE2-4B7C-21A5-EFB1163F454E}.Debug|Any CPU.ActiveCfg = Debug|Any CPU
		{DC7E1E48-1DE2-4B7C-21A5-EFB1163F454E}.Debug|Any CPU.Build.0 = Debug|Any CPU
		{DC7E1E48-1DE2-4B7C-21A5-EFB1163F454E}.Release|Any CPU.ActiveCfg = Release|Any CPU
		{DC7E1E48-1DE2-4B7C-21A5-EFB1163F454E}.Release|Any CPU.Build.0 = Release|Any CPU
		{9DD1DCF3-CBB7-D3E2-4D8B-CDF8CE77D5B3}.Debug|Any CPU.ActiveCfg = Debug|Any CPU
		{9DD1DCF3-CBB7-D3E2-4D8B-CDF8CE77D5B3}.Debug|Any CPU.Build.0 = Debug|Any CPU
		{9DD1DCF3-CBB7-D3E2-4D8B-CDF8CE77D5B3}.Release|Any CPU.ActiveCfg = Release|Any CPU
		{9DD1DCF3-CBB7-D3E2-4D8B-CDF8CE77D5B3}.Release|Any CPU.Build.0 = Release|Any CPU
		{9297A589-8DB3-6CE7-A02B-3FBE18964843}.Debug|Any CPU.ActiveCfg = Debug|Any CPU
		{9297A589-8DB3-6CE7-A02B-3FBE18964843}.Debug|Any CPU.Build.0 = Debug|Any CPU
		{9297A589-8DB3-6CE7-A02B-3FBE18964843}.Release|Any CPU.ActiveCfg = Release|Any CPU
		{9297A589-8DB3-6CE7-A02B-3FBE18964843}.Release|Any CPU.Build.0 = Release|Any CPU
		{1C56B0B5-9AD0-9A06-2BF2-655BAA51CC67}.Debug|Any CPU.ActiveCfg = Debug|Any CPU
		{1C56B0B5-9AD0-9A06-2BF2-655BAA51CC67}.Debug|Any CPU.Build.0 = Debug|Any CPU
		{1C56B0B5-9AD0-9A06-2BF2-655BAA51CC67}.Release|Any CPU.ActiveCfg = Release|Any CPU
		{1C56B0B5-9AD0-9A06-2BF2-655BAA51CC67}.Release|Any CPU.Build.0 = Release|Any CPU
		{CC7EEF27-3C81-C871-4C5C-71C292AC92A7}.Debug|Any CPU.ActiveCfg = Debug|Any CPU
		{CC7EEF27-3C81-C871-4C5C-71C292AC92A7}.Debug|Any CPU.Build.0 = Debug|Any CPU
		{CC7EEF27-3C81-C871-4C5C-71C292AC92A7}.Release|Any CPU.ActiveCfg = Release|Any CPU
		{CC7EEF27-3C81-C871-4C5C-71C292AC92A7}.Release|Any CPU.Build.0 = Release|Any CPU
		{D44E8EEC-43AB-622B-5D19-BFC28525B863}.Debug|Any CPU.ActiveCfg = Debug|Any CPU
		{D44E8EEC-43AB-622B-5D19-BFC28525B863}.Debug|Any CPU.Build.0 = Debug|Any CPU
		{D44E8EEC-43AB-622B-5D19-BFC28525B863}.Release|Any CPU.ActiveCfg = Release|Any CPU
		{D44E8EEC-43AB-622B-5D19-BFC28525B863}.Release|Any CPU.Build.0 = Release|Any CPU
		{B5C42627-05D9-A717-EB0B-5D650D469258}.Debug|Any CPU.ActiveCfg = Debug|Any CPU
		{B5C42627-05D9-A717-EB0B-5D650D469258}.Debug|Any CPU.Build.0 = Debug|Any CPU
		{B5C42627-05D9-A717-EB0B-5D650D469258}.Release|Any CPU.ActiveCfg = Release|Any CPU
		{B5C42627-05D9-A717-EB0B-5D650D469258}.Release|Any CPU.Build.0 = Release|Any CPU
		{A0319131-945F-D863-33E7-ECF5850A965E}.Debug|Any CPU.ActiveCfg = Debug|Any CPU
		{A0319131-945F-D863-33E7-ECF5850A965E}.Debug|Any CPU.Build.0 = Debug|Any CPU
		{A0319131-945F-D863-33E7-ECF5850A965E}.Release|Any CPU.ActiveCfg = Release|Any CPU
		{A0319131-945F-D863-33E7-ECF5850A965E}.Release|Any CPU.Build.0 = Release|Any CPU
		{84A05AC7-A891-C9F2-ECBF-F88F59D22F19}.Debug|Any CPU.ActiveCfg = Debug|Any CPU
		{84A05AC7-A891-C9F2-ECBF-F88F59D22F19}.Debug|Any CPU.Build.0 = Debug|Any CPU
		{84A05AC7-A891-C9F2-ECBF-F88F59D22F19}.Release|Any CPU.ActiveCfg = Release|Any CPU
		{84A05AC7-A891-C9F2-ECBF-F88F59D22F19}.Release|Any CPU.Build.0 = Release|Any CPU
		{DA4CBE2F-D05F-6557-F60C-3FDE441958BE}.Debug|Any CPU.ActiveCfg = Debug|Any CPU
		{DA4CBE2F-D05F-6557-F60C-3FDE441958BE}.Debug|Any CPU.Build.0 = Debug|Any CPU
		{DA4CBE2F-D05F-6557-F60C-3FDE441958BE}.Release|Any CPU.ActiveCfg = Release|Any CPU
		{DA4CBE2F-D05F-6557-F60C-3FDE441958BE}.Release|Any CPU.Build.0 = Release|Any CPU
		{693E9E12-A17C-7E31-7488-02D8F0D89925}.Debug|Any CPU.ActiveCfg = Debug|Any CPU
		{693E9E12-A17C-7E31-7488-02D8F0D89925}.Debug|Any CPU.Build.0 = Debug|Any CPU
		{693E9E12-A17C-7E31-7488-02D8F0D89925}.Release|Any CPU.ActiveCfg = Release|Any CPU
		{693E9E12-A17C-7E31-7488-02D8F0D89925}.Release|Any CPU.Build.0 = Release|Any CPU
		{6A9419E7-84FB-B589-32CA-427D48061A5F}.Debug|Any CPU.ActiveCfg = Debug|Any CPU
		{6A9419E7-84FB-B589-32CA-427D48061A5F}.Debug|Any CPU.Build.0 = Debug|Any CPU
		{6A9419E7-84FB-B589-32CA-427D48061A5F}.Release|Any CPU.ActiveCfg = Release|Any CPU
		{6A9419E7-84FB-B589-32CA-427D48061A5F}.Release|Any CPU.Build.0 = Release|Any CPU
		{57945CFC-CB6D-F277-470A-13D2E7E4478A}.Debug|Any CPU.ActiveCfg = Debug|Any CPU
		{57945CFC-CB6D-F277-470A-13D2E7E4478A}.Debug|Any CPU.Build.0 = Debug|Any CPU
		{57945CFC-CB6D-F277-470A-13D2E7E4478A}.Release|Any CPU.ActiveCfg = Release|Any CPU
		{57945CFC-CB6D-F277-470A-13D2E7E4478A}.Release|Any CPU.Build.0 = Release|Any CPU
		{2C263169-CBAB-C96E-B386-3A097F4F406B}.Debug|Any CPU.ActiveCfg = Debug|Any CPU
		{2C263169-CBAB-C96E-B386-3A097F4F406B}.Debug|Any CPU.Build.0 = Debug|Any CPU
		{2C263169-CBAB-C96E-B386-3A097F4F406B}.Release|Any CPU.ActiveCfg = Release|Any CPU
		{2C263169-CBAB-C96E-B386-3A097F4F406B}.Release|Any CPU.Build.0 = Release|Any CPU
		{FD577AE0-2904-45FB-47B2-27764FA2418A}.Debug|Any CPU.ActiveCfg = Debug|Any CPU
		{FD577AE0-2904-45FB-47B2-27764FA2418A}.Debug|Any CPU.Build.0 = Debug|Any CPU
		{FD577AE0-2904-45FB-47B2-27764FA2418A}.Release|Any CPU.ActiveCfg = Release|Any CPU
		{FD577AE0-2904-45FB-47B2-27764FA2418A}.Release|Any CPU.Build.0 = Release|Any CPU
		{8AEBB1F8-B5DC-7396-FCD9-6F4164546143}.Debug|Any CPU.ActiveCfg = Debug|Any CPU
		{8AEBB1F8-B5DC-7396-FCD9-6F4164546143}.Debug|Any CPU.Build.0 = Debug|Any CPU
		{8AEBB1F8-B5DC-7396-FCD9-6F4164546143}.Release|Any CPU.ActiveCfg = Release|Any CPU
		{8AEBB1F8-B5DC-7396-FCD9-6F4164546143}.Release|Any CPU.Build.0 = Release|Any CPU
		{B0C75021-3F50-FC9F-82B8-EA01CBA9344B}.Debug|Any CPU.ActiveCfg = Debug|Any CPU
		{B0C75021-3F50-FC9F-82B8-EA01CBA9344B}.Debug|Any CPU.Build.0 = Debug|Any CPU
		{B0C75021-3F50-FC9F-82B8-EA01CBA9344B}.Release|Any CPU.ActiveCfg = Release|Any CPU
		{B0C75021-3F50-FC9F-82B8-EA01CBA9344B}.Release|Any CPU.Build.0 = Release|Any CPU
		{9A5B5168-1A81-E5DE-110B-51BB981A5863}.Debug|Any CPU.ActiveCfg = Debug|Any CPU
		{9A5B5168-1A81-E5DE-110B-51BB981A5863}.Debug|Any CPU.Build.0 = Debug|Any CPU
		{9A5B5168-1A81-E5DE-110B-51BB981A5863}.Release|Any CPU.ActiveCfg = Release|Any CPU
		{9A5B5168-1A81-E5DE-110B-51BB981A5863}.Release|Any CPU.Build.0 = Release|Any CPU
		{DEC5E85A-A689-E61D-EFF8-22773676252D}.Debug|Any CPU.ActiveCfg = Debug|Any CPU
		{DEC5E85A-A689-E61D-EFF8-22773676252D}.Debug|Any CPU.Build.0 = Debug|Any CPU
		{DEC5E85A-A689-E61D-EFF8-22773676252D}.Release|Any CPU.ActiveCfg = Release|Any CPU
		{DEC5E85A-A689-E61D-EFF8-22773676252D}.Release|Any CPU.Build.0 = Release|Any CPU
		{5EEB15C5-5405-391B-2D5A-ADFDDC160F6D}.Debug|Any CPU.ActiveCfg = Debug|Any CPU
		{5EEB15C5-5405-391B-2D5A-ADFDDC160F6D}.Debug|Any CPU.Build.0 = Debug|Any CPU
		{5EEB15C5-5405-391B-2D5A-ADFDDC160F6D}.Release|Any CPU.ActiveCfg = Release|Any CPU
		{5EEB15C5-5405-391B-2D5A-ADFDDC160F6D}.Release|Any CPU.Build.0 = Release|Any CPU
		{9EA07475-4CF3-948B-3D88-46D5D01580C3}.Debug|Any CPU.ActiveCfg = Debug|Any CPU
		{9EA07475-4CF3-948B-3D88-46D5D01580C3}.Debug|Any CPU.Build.0 = Debug|Any CPU
		{9EA07475-4CF3-948B-3D88-46D5D01580C3}.Release|Any CPU.ActiveCfg = Release|Any CPU
		{9EA07475-4CF3-948B-3D88-46D5D01580C3}.Release|Any CPU.Build.0 = Release|Any CPU
		{BFAE3C90-9AAF-DBBA-0DD4-C204276EF712}.Debug|Any CPU.ActiveCfg = Debug|Any CPU
		{BFAE3C90-9AAF-DBBA-0DD4-C204276EF712}.Debug|Any CPU.Build.0 = Debug|Any CPU
		{BFAE3C90-9AAF-DBBA-0DD4-C204276EF712}.Release|Any CPU.ActiveCfg = Release|Any CPU
		{BFAE3C90-9AAF-DBBA-0DD4-C204276EF712}.Release|Any CPU.Build.0 = Release|Any CPU
		{F46229AE-DE78-399F-A6A3-407DC9DFB06A}.Debug|Any CPU.ActiveCfg = Debug|Any CPU
		{F46229AE-DE78-399F-A6A3-407DC9DFB06A}.Debug|Any CPU.Build.0 = Debug|Any CPU
		{F46229AE-DE78-399F-A6A3-407DC9DFB06A}.Release|Any CPU.ActiveCfg = Release|Any CPU
		{F46229AE-DE78-399F-A6A3-407DC9DFB06A}.Release|Any CPU.Build.0 = Release|Any CPU
		{FDFF25A0-5118-40C9-3AF6-094A232B847F}.Debug|Any CPU.ActiveCfg = Debug|Any CPU
		{FDFF25A0-5118-40C9-3AF6-094A232B847F}.Debug|Any CPU.Build.0 = Debug|Any CPU
		{FDFF25A0-5118-40C9-3AF6-094A232B847F}.Release|Any CPU.ActiveCfg = Release|Any CPU
		{FDFF25A0-5118-40C9-3AF6-094A232B847F}.Release|Any CPU.Build.0 = Release|Any CPU
		{61277AA5-6B45-665D-758F-322364DCB044}.Debug|Any CPU.ActiveCfg = Debug|Any CPU
		{61277AA5-6B45-665D-758F-322364DCB044}.Debug|Any CPU.Build.0 = Debug|Any CPU
		{61277AA5-6B45-665D-758F-322364DCB044}.Release|Any CPU.ActiveCfg = Release|Any CPU
		{61277AA5-6B45-665D-758F-322364DCB044}.Release|Any CPU.Build.0 = Release|Any CPU
		{A4111BA8-71F3-EC5E-0042-82B052AC0C6F}.Debug|Any CPU.ActiveCfg = Debug|Any CPU
		{A4111BA8-71F3-EC5E-0042-82B052AC0C6F}.Debug|Any CPU.Build.0 = Debug|Any CPU
		{A4111BA8-71F3-EC5E-0042-82B052AC0C6F}.Release|Any CPU.ActiveCfg = Release|Any CPU
		{A4111BA8-71F3-EC5E-0042-82B052AC0C6F}.Release|Any CPU.Build.0 = Release|Any CPU
		{B6ABECC3-53AC-DD83-247F-C01BBB807C46}.Debug|Any CPU.ActiveCfg = Debug|Any CPU
		{B6ABECC3-53AC-DD83-247F-C01BBB807C46}.Debug|Any CPU.Build.0 = Debug|Any CPU
		{B6ABECC3-53AC-DD83-247F-C01BBB807C46}.Release|Any CPU.ActiveCfg = Release|Any CPU
		{B6ABECC3-53AC-DD83-247F-C01BBB807C46}.Release|Any CPU.Build.0 = Release|Any CPU
		{0C8E2638-31E2-6211-D704-682EFDCD3D9C}.Debug|Any CPU.ActiveCfg = Debug|Any CPU
		{0C8E2638-31E2-6211-D704-682EFDCD3D9C}.Debug|Any CPU.Build.0 = Debug|Any CPU
		{0C8E2638-31E2-6211-D704-682EFDCD3D9C}.Release|Any CPU.ActiveCfg = Release|Any CPU
		{0C8E2638-31E2-6211-D704-682EFDCD3D9C}.Release|Any CPU.Build.0 = Release|Any CPU
		{0C4214BA-846D-12B9-6208-12AC598C67D1}.Debug|Any CPU.ActiveCfg = Debug|Any CPU
		{0C4214BA-846D-12B9-6208-12AC598C67D1}.Debug|Any CPU.Build.0 = Debug|Any CPU
		{0C4214BA-846D-12B9-6208-12AC598C67D1}.Release|Any CPU.ActiveCfg = Release|Any CPU
		{0C4214BA-846D-12B9-6208-12AC598C67D1}.Release|Any CPU.Build.0 = Release|Any CPU
		{F598E07E-9540-51F7-0837-C6352122C904}.Debug|Any CPU.ActiveCfg = Debug|Any CPU
		{F598E07E-9540-51F7-0837-C6352122C904}.Debug|Any CPU.Build.0 = Debug|Any CPU
		{F598E07E-9540-51F7-0837-C6352122C904}.Release|Any CPU.ActiveCfg = Release|Any CPU
		{F598E07E-9540-51F7-0837-C6352122C904}.Release|Any CPU.Build.0 = Release|Any CPU
		{C33A42B0-D0CD-8C39-8689-BEC1F052DFBD}.Debug|Any CPU.ActiveCfg = Debug|Any CPU
		{C33A42B0-D0CD-8C39-8689-BEC1F052DFBD}.Debug|Any CPU.Build.0 = Debug|Any CPU
		{C33A42B0-D0CD-8C39-8689-BEC1F052DFBD}.Release|Any CPU.ActiveCfg = Release|Any CPU
		{C33A42B0-D0CD-8C39-8689-BEC1F052DFBD}.Release|Any CPU.Build.0 = Release|Any CPU
		{B17BED02-0124-15AF-C43E-1DEA2428FE14}.Debug|Any CPU.ActiveCfg = Debug|Any CPU
		{B17BED02-0124-15AF-C43E-1DEA2428FE14}.Debug|Any CPU.Build.0 = Debug|Any CPU
		{B17BED02-0124-15AF-C43E-1DEA2428FE14}.Release|Any CPU.ActiveCfg = Release|Any CPU
		{B17BED02-0124-15AF-C43E-1DEA2428FE14}.Release|Any CPU.Build.0 = Release|Any CPU
		{4E79EA9C-E459-AC96-9A34-4566FD045F53}.Debug|Any CPU.ActiveCfg = Debug|Any CPU
		{4E79EA9C-E459-AC96-9A34-4566FD045F53}.Debug|Any CPU.Build.0 = Debug|Any CPU
		{4E79EA9C-E459-AC96-9A34-4566FD045F53}.Release|Any CPU.ActiveCfg = Release|Any CPU
		{4E79EA9C-E459-AC96-9A34-4566FD045F53}.Release|Any CPU.Build.0 = Release|Any CPU
		{1327F001-4372-0A5D-D92C-B61AEC32BF7A}.Debug|Any CPU.ActiveCfg = Debug|Any CPU
		{1327F001-4372-0A5D-D92C-B61AEC32BF7A}.Debug|Any CPU.Build.0 = Debug|Any CPU
		{1327F001-4372-0A5D-D92C-B61AEC32BF7A}.Release|Any CPU.ActiveCfg = Release|Any CPU
		{1327F001-4372-0A5D-D92C-B61AEC32BF7A}.Release|Any CPU.Build.0 = Release|Any CPU
		{E0CB4D15-D5B1-2BDE-C6B6-DCB7011C09E8}.Debug|Any CPU.ActiveCfg = Debug|Any CPU
		{E0CB4D15-D5B1-2BDE-C6B6-DCB7011C09E8}.Debug|Any CPU.Build.0 = Debug|Any CPU
		{E0CB4D15-D5B1-2BDE-C6B6-DCB7011C09E8}.Release|Any CPU.ActiveCfg = Release|Any CPU
		{E0CB4D15-D5B1-2BDE-C6B6-DCB7011C09E8}.Release|Any CPU.Build.0 = Release|Any CPU
		{9368DDE0-A6EE-7C96-7E1B-7A436CF27DE1}.Debug|Any CPU.ActiveCfg = Debug|Any CPU
		{9368DDE0-A6EE-7C96-7E1B-7A436CF27DE1}.Debug|Any CPU.Build.0 = Debug|Any CPU
		{9368DDE0-A6EE-7C96-7E1B-7A436CF27DE1}.Release|Any CPU.ActiveCfg = Release|Any CPU
		{9368DDE0-A6EE-7C96-7E1B-7A436CF27DE1}.Release|Any CPU.Build.0 = Release|Any CPU
		{1C8D2C5C-239D-F2EA-8A89-3CFDDBD46C47}.Debug|Any CPU.ActiveCfg = Debug|Any CPU
		{1C8D2C5C-239D-F2EA-8A89-3CFDDBD46C47}.Debug|Any CPU.Build.0 = Debug|Any CPU
		{1C8D2C5C-239D-F2EA-8A89-3CFDDBD46C47}.Release|Any CPU.ActiveCfg = Release|Any CPU
		{1C8D2C5C-239D-F2EA-8A89-3CFDDBD46C47}.Release|Any CPU.Build.0 = Release|Any CPU
		{54EA30DD-05A0-093E-70DF-390E036AE9F5}.Debug|Any CPU.ActiveCfg = Debug|Any CPU
		{54EA30DD-05A0-093E-70DF-390E036AE9F5}.Debug|Any CPU.Build.0 = Debug|Any CPU
		{54EA30DD-05A0-093E-70DF-390E036AE9F5}.Release|Any CPU.ActiveCfg = Release|Any CPU
		{54EA30DD-05A0-093E-70DF-390E036AE9F5}.Release|Any CPU.Build.0 = Release|Any CPU
		{1D61EA0E-12C6-C508-0081-8A4D1D988312}.Debug|Any CPU.ActiveCfg = Debug|Any CPU
		{1D61EA0E-12C6-C508-0081-8A4D1D988312}.Debug|Any CPU.Build.0 = Debug|Any CPU
		{1D61EA0E-12C6-C508-0081-8A4D1D988312}.Release|Any CPU.ActiveCfg = Release|Any CPU
		{1D61EA0E-12C6-C508-0081-8A4D1D988312}.Release|Any CPU.Build.0 = Release|Any CPU
		{8B73A86B-EE62-AF20-EDEB-9E4EBC5EE65D}.Debug|Any CPU.ActiveCfg = Debug|Any CPU
		{8B73A86B-EE62-AF20-EDEB-9E4EBC5EE65D}.Debug|Any CPU.Build.0 = Debug|Any CPU
		{8B73A86B-EE62-AF20-EDEB-9E4EBC5EE65D}.Release|Any CPU.ActiveCfg = Release|Any CPU
		{8B73A86B-EE62-AF20-EDEB-9E4EBC5EE65D}.Release|Any CPU.Build.0 = Release|Any CPU
		{34D6D12A-0366-D268-6E05-16361FA3CA40}.Debug|Any CPU.ActiveCfg = Debug|Any CPU
		{34D6D12A-0366-D268-6E05-16361FA3CA40}.Debug|Any CPU.Build.0 = Debug|Any CPU
		{34D6D12A-0366-D268-6E05-16361FA3CA40}.Release|Any CPU.ActiveCfg = Release|Any CPU
		{34D6D12A-0366-D268-6E05-16361FA3CA40}.Release|Any CPU.Build.0 = Release|Any CPU
		{F13A62B2-0B9A-01D5-739C-329B40F26893}.Debug|Any CPU.ActiveCfg = Debug|Any CPU
		{F13A62B2-0B9A-01D5-739C-329B40F26893}.Debug|Any CPU.Build.0 = Debug|Any CPU
		{F13A62B2-0B9A-01D5-739C-329B40F26893}.Release|Any CPU.ActiveCfg = Release|Any CPU
		{F13A62B2-0B9A-01D5-739C-329B40F26893}.Release|Any CPU.Build.0 = Release|Any CPU
		{75ECB21D-E3FC-7398-B743-BEA85EC328F4}.Debug|Any CPU.ActiveCfg = Debug|Any CPU
		{75ECB21D-E3FC-7398-B743-BEA85EC328F4}.Debug|Any CPU.Build.0 = Debug|Any CPU
		{75ECB21D-E3FC-7398-B743-BEA85EC328F4}.Release|Any CPU.ActiveCfg = Release|Any CPU
		{75ECB21D-E3FC-7398-B743-BEA85EC328F4}.Release|Any CPU.Build.0 = Release|Any CPU
		{4B97BA46-8543-8C34-F950-052DFD1507D7}.Debug|Any CPU.ActiveCfg = Debug|Any CPU
		{4B97BA46-8543-8C34-F950-052DFD1507D7}.Debug|Any CPU.Build.0 = Debug|Any CPU
		{4B97BA46-8543-8C34-F950-052DFD1507D7}.Release|Any CPU.ActiveCfg = Release|Any CPU
		{4B97BA46-8543-8C34-F950-052DFD1507D7}.Release|Any CPU.Build.0 = Release|Any CPU
		{7CA69EE8-19E9-60C0-631C-34079CDF9E7C}.Debug|Any CPU.ActiveCfg = Debug|Any CPU
		{7CA69EE8-19E9-60C0-631C-34079CDF9E7C}.Debug|Any CPU.Build.0 = Debug|Any CPU
		{7CA69EE8-19E9-60C0-631C-34079CDF9E7C}.Release|Any CPU.ActiveCfg = Release|Any CPU
		{7CA69EE8-19E9-60C0-631C-34079CDF9E7C}.Release|Any CPU.Build.0 = Release|Any CPU
		{07D283FF-ADC2-E474-BEC7-C598A606838E}.Debug|Any CPU.ActiveCfg = Debug|Any CPU
		{07D283FF-ADC2-E474-BEC7-C598A606838E}.Debug|Any CPU.Build.0 = Debug|Any CPU
		{07D283FF-ADC2-E474-BEC7-C598A606838E}.Release|Any CPU.ActiveCfg = Release|Any CPU
		{07D283FF-ADC2-E474-BEC7-C598A606838E}.Release|Any CPU.Build.0 = Release|Any CPU
		{E130E9C5-2666-C997-D0AD-022762805378}.Debug|Any CPU.ActiveCfg = Debug|Any CPU
		{E130E9C5-2666-C997-D0AD-022762805378}.Debug|Any CPU.Build.0 = Debug|Any CPU
		{E130E9C5-2666-C997-D0AD-022762805378}.Release|Any CPU.ActiveCfg = Release|Any CPU
		{E130E9C5-2666-C997-D0AD-022762805378}.Release|Any CPU.Build.0 = Release|Any CPU
		{2A3ED0AC-A504-D471-F160-CB5DE3E96877}.Debug|Any CPU.ActiveCfg = Debug|Any CPU
		{2A3ED0AC-A504-D471-F160-CB5DE3E96877}.Debug|Any CPU.Build.0 = Debug|Any CPU
		{2A3ED0AC-A504-D471-F160-CB5DE3E96877}.Release|Any CPU.ActiveCfg = Release|Any CPU
		{2A3ED0AC-A504-D471-F160-CB5DE3E96877}.Release|Any CPU.Build.0 = Release|Any CPU
		{BC787AC1-8789-C30F-2F3B-499C6AD44349}.Debug|Any CPU.ActiveCfg = Debug|Any CPU
		{BC787AC1-8789-C30F-2F3B-499C6AD44349}.Debug|Any CPU.Build.0 = Debug|Any CPU
		{BC787AC1-8789-C30F-2F3B-499C6AD44349}.Release|Any CPU.ActiveCfg = Release|Any CPU
		{BC787AC1-8789-C30F-2F3B-499C6AD44349}.Release|Any CPU.Build.0 = Release|Any CPU
		{78ADD63B-6F29-709A-F812-5D4AA283118A}.Debug|Any CPU.ActiveCfg = Debug|Any CPU
		{78ADD63B-6F29-709A-F812-5D4AA283118A}.Debug|Any CPU.Build.0 = Debug|Any CPU
		{78ADD63B-6F29-709A-F812-5D4AA283118A}.Release|Any CPU.ActiveCfg = Release|Any CPU
		{78ADD63B-6F29-709A-F812-5D4AA283118A}.Release|Any CPU.Build.0 = Release|Any CPU
		{0ACBE6E5-147B-FB9E-3357-9C48DB359981}.Debug|Any CPU.ActiveCfg = Debug|Any CPU
		{0ACBE6E5-147B-FB9E-3357-9C48DB359981}.Debug|Any CPU.Build.0 = Debug|Any CPU
		{0ACBE6E5-147B-FB9E-3357-9C48DB359981}.Release|Any CPU.ActiveCfg = Release|Any CPU
		{0ACBE6E5-147B-FB9E-3357-9C48DB359981}.Release|Any CPU.Build.0 = Release|Any CPU
		{01B49058-0A01-F514-1C28-15C6C5537F5D}.Debug|Any CPU.ActiveCfg = Debug|Any CPU
		{01B49058-0A01-F514-1C28-15C6C5537F5D}.Debug|Any CPU.Build.0 = Debug|Any CPU
		{01B49058-0A01-F514-1C28-15C6C5537F5D}.Release|Any CPU.ActiveCfg = Release|Any CPU
		{01B49058-0A01-F514-1C28-15C6C5537F5D}.Release|Any CPU.Build.0 = Release|Any CPU
		{D201B1A6-4FCD-9BDF-515D-AE55BB8ACCF2}.Debug|Any CPU.ActiveCfg = Debug|Any CPU
		{D201B1A6-4FCD-9BDF-515D-AE55BB8ACCF2}.Debug|Any CPU.Build.0 = Debug|Any CPU
		{D201B1A6-4FCD-9BDF-515D-AE55BB8ACCF2}.Release|Any CPU.ActiveCfg = Release|Any CPU
		{D201B1A6-4FCD-9BDF-515D-AE55BB8ACCF2}.Release|Any CPU.Build.0 = Release|Any CPU
		{E0AAB690-FD54-772A-C853-3333DBE470F2}.Debug|Any CPU.ActiveCfg = Debug|Any CPU
		{E0AAB690-FD54-772A-C853-3333DBE470F2}.Debug|Any CPU.Build.0 = Debug|Any CPU
		{E0AAB690-FD54-772A-C853-3333DBE470F2}.Release|Any CPU.ActiveCfg = Release|Any CPU
		{E0AAB690-FD54-772A-C853-3333DBE470F2}.Release|Any CPU.Build.0 = Release|Any CPU
		{23966308-A3A7-64A0-E321-7C5CB85D477C}.Debug|Any CPU.ActiveCfg = Debug|Any CPU
		{23966308-A3A7-64A0-E321-7C5CB85D477C}.Debug|Any CPU.Build.0 = Debug|Any CPU
		{23966308-A3A7-64A0-E321-7C5CB85D477C}.Release|Any CPU.ActiveCfg = Release|Any CPU
		{23966308-A3A7-64A0-E321-7C5CB85D477C}.Release|Any CPU.Build.0 = Release|Any CPU
		{A128A5EF-057C-830C-7D7B-231A96EC6DD2}.Debug|Any CPU.ActiveCfg = Debug|Any CPU
		{A128A5EF-057C-830C-7D7B-231A96EC6DD2}.Debug|Any CPU.Build.0 = Debug|Any CPU
		{A128A5EF-057C-830C-7D7B-231A96EC6DD2}.Release|Any CPU.ActiveCfg = Release|Any CPU
		{A128A5EF-057C-830C-7D7B-231A96EC6DD2}.Release|Any CPU.Build.0 = Release|Any CPU
		{0EE026F8-5269-633D-187D-B8E00D9B3889}.Debug|Any CPU.ActiveCfg = Debug|Any CPU
		{0EE026F8-5269-633D-187D-B8E00D9B3889}.Debug|Any CPU.Build.0 = Debug|Any CPU
		{0EE026F8-5269-633D-187D-B8E00D9B3889}.Release|Any CPU.ActiveCfg = Release|Any CPU
		{0EE026F8-5269-633D-187D-B8E00D9B3889}.Release|Any CPU.Build.0 = Release|Any CPU
		{B3FD4132-0421-11DD-9048-C2C776A9AC05}.Debug|Any CPU.ActiveCfg = Debug|Any CPU
		{B3FD4132-0421-11DD-9048-C2C776A9AC05}.Debug|Any CPU.Build.0 = Debug|Any CPU
		{B3FD4132-0421-11DD-9048-C2C776A9AC05}.Release|Any CPU.ActiveCfg = Release|Any CPU
		{B3FD4132-0421-11DD-9048-C2C776A9AC05}.Release|Any CPU.Build.0 = Release|Any CPU
		{5C8E6D8F-622E-E48B-965D-83136A673A08}.Debug|Any CPU.ActiveCfg = Debug|Any CPU
		{5C8E6D8F-622E-E48B-965D-83136A673A08}.Debug|Any CPU.Build.0 = Debug|Any CPU
		{5C8E6D8F-622E-E48B-965D-83136A673A08}.Release|Any CPU.ActiveCfg = Release|Any CPU
		{5C8E6D8F-622E-E48B-965D-83136A673A08}.Release|Any CPU.Build.0 = Release|Any CPU
		{F44E0E1B-8D55-3A2E-0727-A77AD070A743}.Debug|Any CPU.ActiveCfg = Debug|Any CPU
		{F44E0E1B-8D55-3A2E-0727-A77AD070A743}.Debug|Any CPU.Build.0 = Debug|Any CPU
		{F44E0E1B-8D55-3A2E-0727-A77AD070A743}.Release|Any CPU.ActiveCfg = Release|Any CPU
		{F44E0E1B-8D55-3A2E-0727-A77AD070A743}.Release|Any CPU.Build.0 = Release|Any CPU
		{882CE7DD-1C74-A85F-C359-940F2913D50E}.Debug|Any CPU.ActiveCfg = Debug|Any CPU
		{882CE7DD-1C74-A85F-C359-940F2913D50E}.Debug|Any CPU.Build.0 = Debug|Any CPU
		{882CE7DD-1C74-A85F-C359-940F2913D50E}.Release|Any CPU.ActiveCfg = Release|Any CPU
		{882CE7DD-1C74-A85F-C359-940F2913D50E}.Release|Any CPU.Build.0 = Release|Any CPU
		{11B59460-72C5-86D4-844A-FCEE31A18E19}.Debug|Any CPU.ActiveCfg = Debug|Any CPU
		{11B59460-72C5-86D4-844A-FCEE31A18E19}.Debug|Any CPU.Build.0 = Debug|Any CPU
		{11B59460-72C5-86D4-844A-FCEE31A18E19}.Release|Any CPU.ActiveCfg = Release|Any CPU
		{11B59460-72C5-86D4-844A-FCEE31A18E19}.Release|Any CPU.Build.0 = Release|Any CPU
		{44DD2852-B2D1-4730-D54D-4A667C4966AC}.Debug|Any CPU.ActiveCfg = Debug|Any CPU
		{44DD2852-B2D1-4730-D54D-4A667C4966AC}.Debug|Any CPU.Build.0 = Debug|Any CPU
		{44DD2852-B2D1-4730-D54D-4A667C4966AC}.Release|Any CPU.ActiveCfg = Release|Any CPU
		{44DD2852-B2D1-4730-D54D-4A667C4966AC}.Release|Any CPU.Build.0 = Release|Any CPU
		{2DE42A09-8111-9A1C-D8E5-EE1FD9E26E46}.Debug|Any CPU.ActiveCfg = Debug|Any CPU
		{2DE42A09-8111-9A1C-D8E5-EE1FD9E26E46}.Debug|Any CPU.Build.0 = Debug|Any CPU
		{2DE42A09-8111-9A1C-D8E5-EE1FD9E26E46}.Release|Any CPU.ActiveCfg = Release|Any CPU
		{2DE42A09-8111-9A1C-D8E5-EE1FD9E26E46}.Release|Any CPU.Build.0 = Release|Any CPU
		{F1E4AA30-BCD3-9858-88F9-880F763B80AF}.Debug|Any CPU.ActiveCfg = Debug|Any CPU
		{F1E4AA30-BCD3-9858-88F9-880F763B80AF}.Debug|Any CPU.Build.0 = Debug|Any CPU
		{F1E4AA30-BCD3-9858-88F9-880F763B80AF}.Release|Any CPU.ActiveCfg = Release|Any CPU
		{F1E4AA30-BCD3-9858-88F9-880F763B80AF}.Release|Any CPU.Build.0 = Release|Any CPU
		{C0364EBF-5695-18C1-67B5-D8BD22C65BED}.Debug|Any CPU.ActiveCfg = Debug|Any CPU
		{C0364EBF-5695-18C1-67B5-D8BD22C65BED}.Debug|Any CPU.Build.0 = Debug|Any CPU
		{C0364EBF-5695-18C1-67B5-D8BD22C65BED}.Release|Any CPU.ActiveCfg = Release|Any CPU
		{C0364EBF-5695-18C1-67B5-D8BD22C65BED}.Release|Any CPU.Build.0 = Release|Any CPU
		{359E508D-165F-88F7-A5E3-C55C50EB676C}.Debug|Any CPU.ActiveCfg = Debug|Any CPU
		{359E508D-165F-88F7-A5E3-C55C50EB676C}.Debug|Any CPU.Build.0 = Debug|Any CPU
		{359E508D-165F-88F7-A5E3-C55C50EB676C}.Release|Any CPU.ActiveCfg = Release|Any CPU
		{359E508D-165F-88F7-A5E3-C55C50EB676C}.Release|Any CPU.Build.0 = Release|Any CPU
		{86EA1A6D-AEF5-DDDD-A756-71641E5E1FDF}.Debug|Any CPU.ActiveCfg = Debug|Any CPU
		{86EA1A6D-AEF5-DDDD-A756-71641E5E1FDF}.Debug|Any CPU.Build.0 = Debug|Any CPU
		{86EA1A6D-AEF5-DDDD-A756-71641E5E1FDF}.Release|Any CPU.ActiveCfg = Release|Any CPU
		{86EA1A6D-AEF5-DDDD-A756-71641E5E1FDF}.Release|Any CPU.Build.0 = Release|Any CPU
		{A5ADD165-F892-FF8D-0278-807DC4BA244C}.Debug|Any CPU.ActiveCfg = Debug|Any CPU
		{A5ADD165-F892-FF8D-0278-807DC4BA244C}.Debug|Any CPU.Build.0 = Debug|Any CPU
		{A5ADD165-F892-FF8D-0278-807DC4BA244C}.Release|Any CPU.ActiveCfg = Release|Any CPU
		{A5ADD165-F892-FF8D-0278-807DC4BA244C}.Release|Any CPU.Build.0 = Release|Any CPU
		{69530BBE-94D5-58AC-5884-2E99E3A46D07}.Debug|Any CPU.ActiveCfg = Debug|Any CPU
		{69530BBE-94D5-58AC-5884-2E99E3A46D07}.Debug|Any CPU.Build.0 = Debug|Any CPU
		{69530BBE-94D5-58AC-5884-2E99E3A46D07}.Release|Any CPU.ActiveCfg = Release|Any CPU
		{69530BBE-94D5-58AC-5884-2E99E3A46D07}.Release|Any CPU.Build.0 = Release|Any CPU
		{E9DA6886-9877-1D86-2722-AD377A26F8B8}.Debug|Any CPU.ActiveCfg = Debug|Any CPU
		{E9DA6886-9877-1D86-2722-AD377A26F8B8}.Debug|Any CPU.Build.0 = Debug|Any CPU
		{E9DA6886-9877-1D86-2722-AD377A26F8B8}.Release|Any CPU.ActiveCfg = Release|Any CPU
		{E9DA6886-9877-1D86-2722-AD377A26F8B8}.Release|Any CPU.Build.0 = Release|Any CPU
		{5B90E203-81B1-B25F-F96D-1963A8631464}.Debug|Any CPU.ActiveCfg = Debug|Any CPU
		{5B90E203-81B1-B25F-F96D-1963A8631464}.Debug|Any CPU.Build.0 = Debug|Any CPU
		{5B90E203-81B1-B25F-F96D-1963A8631464}.Release|Any CPU.ActiveCfg = Release|Any CPU
		{5B90E203-81B1-B25F-F96D-1963A8631464}.Release|Any CPU.Build.0 = Release|Any CPU
		{86C67F29-8417-EB40-0F08-86D625C8FBA5}.Debug|Any CPU.ActiveCfg = Debug|Any CPU
		{86C67F29-8417-EB40-0F08-86D625C8FBA5}.Debug|Any CPU.Build.0 = Debug|Any CPU
		{86C67F29-8417-EB40-0F08-86D625C8FBA5}.Release|Any CPU.ActiveCfg = Release|Any CPU
		{86C67F29-8417-EB40-0F08-86D625C8FBA5}.Release|Any CPU.Build.0 = Release|Any CPU
		{1A49DE1B-DCBF-B219-B6EF-5CF3E8B2D1D1}.Debug|Any CPU.ActiveCfg = Debug|Any CPU
		{1A49DE1B-DCBF-B219-B6EF-5CF3E8B2D1D1}.Debug|Any CPU.Build.0 = Debug|Any CPU
		{1A49DE1B-DCBF-B219-B6EF-5CF3E8B2D1D1}.Release|Any CPU.ActiveCfg = Release|Any CPU
		{1A49DE1B-DCBF-B219-B6EF-5CF3E8B2D1D1}.Release|Any CPU.Build.0 = Release|Any CPU
		{A0BE743A-B1BB-397F-9608-03709D3400C5}.Debug|Any CPU.ActiveCfg = Debug|Any CPU
		{A0BE743A-B1BB-397F-9608-03709D3400C5}.Debug|Any CPU.Build.0 = Debug|Any CPU
		{A0BE743A-B1BB-397F-9608-03709D3400C5}.Release|Any CPU.ActiveCfg = Release|Any CPU
		{A0BE743A-B1BB-397F-9608-03709D3400C5}.Release|Any CPU.Build.0 = Release|Any CPU
		{BC09F3B3-CFC6-700E-A2A0-0DDC58FA8AF4}.Debug|Any CPU.ActiveCfg = Debug|Any CPU
		{BC09F3B3-CFC6-700E-A2A0-0DDC58FA8AF4}.Debug|Any CPU.Build.0 = Debug|Any CPU
		{BC09F3B3-CFC6-700E-A2A0-0DDC58FA8AF4}.Release|Any CPU.ActiveCfg = Release|Any CPU
		{BC09F3B3-CFC6-700E-A2A0-0DDC58FA8AF4}.Release|Any CPU.Build.0 = Release|Any CPU
		{082869CD-7928-1DCD-BAE5-8ADF46901006}.Debug|Any CPU.ActiveCfg = Debug|Any CPU
		{082869CD-7928-1DCD-BAE5-8ADF46901006}.Debug|Any CPU.Build.0 = Debug|Any CPU
		{082869CD-7928-1DCD-BAE5-8ADF46901006}.Release|Any CPU.ActiveCfg = Release|Any CPU
		{082869CD-7928-1DCD-BAE5-8ADF46901006}.Release|Any CPU.Build.0 = Release|Any CPU
		{725B9F98-BE0A-9CD6-C61A-767C849A02BF}.Debug|Any CPU.ActiveCfg = Debug|Any CPU
		{725B9F98-BE0A-9CD6-C61A-767C849A02BF}.Debug|Any CPU.Build.0 = Debug|Any CPU
		{725B9F98-BE0A-9CD6-C61A-767C849A02BF}.Release|Any CPU.ActiveCfg = Release|Any CPU
		{725B9F98-BE0A-9CD6-C61A-767C849A02BF}.Release|Any CPU.Build.0 = Release|Any CPU
		{6835D22F-1F78-6EBC-1E6B-DEE25ADC109A}.Debug|Any CPU.ActiveCfg = Debug|Any CPU
		{6835D22F-1F78-6EBC-1E6B-DEE25ADC109A}.Debug|Any CPU.Build.0 = Debug|Any CPU
		{6835D22F-1F78-6EBC-1E6B-DEE25ADC109A}.Release|Any CPU.ActiveCfg = Release|Any CPU
		{6835D22F-1F78-6EBC-1E6B-DEE25ADC109A}.Release|Any CPU.Build.0 = Release|Any CPU
		{ED5887E2-9425-9F1E-5C48-10A05F1B150D}.Debug|Any CPU.ActiveCfg = Debug|Any CPU
		{ED5887E2-9425-9F1E-5C48-10A05F1B150D}.Debug|Any CPU.Build.0 = Debug|Any CPU
		{ED5887E2-9425-9F1E-5C48-10A05F1B150D}.Release|Any CPU.ActiveCfg = Release|Any CPU
		{ED5887E2-9425-9F1E-5C48-10A05F1B150D}.Release|Any CPU.Build.0 = Release|Any CPU
		{2DF94C08-4099-2A48-C661-11BF3C70E832}.Debug|Any CPU.ActiveCfg = Debug|Any CPU
		{2DF94C08-4099-2A48-C661-11BF3C70E832}.Debug|Any CPU.Build.0 = Debug|Any CPU
		{2DF94C08-4099-2A48-C661-11BF3C70E832}.Release|Any CPU.ActiveCfg = Release|Any CPU
		{2DF94C08-4099-2A48-C661-11BF3C70E832}.Release|Any CPU.Build.0 = Release|Any CPU
		{5D6AA689-D279-BB15-6CF1-BECEFD9A1CFA}.Debug|Any CPU.ActiveCfg = Debug|Any CPU
		{5D6AA689-D279-BB15-6CF1-BECEFD9A1CFA}.Debug|Any CPU.Build.0 = Debug|Any CPU
		{5D6AA689-D279-BB15-6CF1-BECEFD9A1CFA}.Release|Any CPU.ActiveCfg = Release|Any CPU
		{5D6AA689-D279-BB15-6CF1-BECEFD9A1CFA}.Release|Any CPU.Build.0 = Release|Any CPU
		{10AF0895-4D6D-A252-9F13-A4AF8DEE957D}.Debug|Any CPU.ActiveCfg = Debug|Any CPU
		{10AF0895-4D6D-A252-9F13-A4AF8DEE957D}.Debug|Any CPU.Build.0 = Debug|Any CPU
		{10AF0895-4D6D-A252-9F13-A4AF8DEE957D}.Release|Any CPU.ActiveCfg = Release|Any CPU
		{10AF0895-4D6D-A252-9F13-A4AF8DEE957D}.Release|Any CPU.Build.0 = Release|Any CPU
		{5B6FC3F8-D16A-2973-8AA2-8DB66C83744D}.Debug|Any CPU.ActiveCfg = Debug|Any CPU
		{5B6FC3F8-D16A-2973-8AA2-8DB66C83744D}.Debug|Any CPU.Build.0 = Debug|Any CPU
		{5B6FC3F8-D16A-2973-8AA2-8DB66C83744D}.Release|Any CPU.ActiveCfg = Release|Any CPU
		{5B6FC3F8-D16A-2973-8AA2-8DB66C83744D}.Release|Any CPU.Build.0 = Release|Any CPU
		{9A24C48B-FA88-4904-85F9-45618DFA4860}.Debug|Any CPU.ActiveCfg = Debug|Any CPU
		{9A24C48B-FA88-4904-85F9-45618DFA4860}.Debug|Any CPU.Build.0 = Debug|Any CPU
		{9A24C48B-FA88-4904-85F9-45618DFA4860}.Release|Any CPU.ActiveCfg = Release|Any CPU
		{9A24C48B-FA88-4904-85F9-45618DFA4860}.Release|Any CPU.Build.0 = Release|Any CPU
		{7B9B8A64-C471-B2F3-232A-5E03FF66EA72}.Debug|Any CPU.ActiveCfg = Debug|Any CPU
		{7B9B8A64-C471-B2F3-232A-5E03FF66EA72}.Debug|Any CPU.Build.0 = Debug|Any CPU
		{7B9B8A64-C471-B2F3-232A-5E03FF66EA72}.Release|Any CPU.ActiveCfg = Release|Any CPU
		{7B9B8A64-C471-B2F3-232A-5E03FF66EA72}.Release|Any CPU.Build.0 = Release|Any CPU
		{2E4C308C-B99A-885D-84A0-A0F4514BEA45}.Debug|Any CPU.ActiveCfg = Debug|Any CPU
		{2E4C308C-B99A-885D-84A0-A0F4514BEA45}.Debug|Any CPU.Build.0 = Debug|Any CPU
		{2E4C308C-B99A-885D-84A0-A0F4514BEA45}.Release|Any CPU.ActiveCfg = Release|Any CPU
		{2E4C308C-B99A-885D-84A0-A0F4514BEA45}.Release|Any CPU.Build.0 = Release|Any CPU
		{EC9814FD-EF55-A4C8-76C0-66CE5A0771B2}.Debug|Any CPU.ActiveCfg = Debug|Any CPU
		{EC9814FD-EF55-A4C8-76C0-66CE5A0771B2}.Debug|Any CPU.Build.0 = Debug|Any CPU
		{EC9814FD-EF55-A4C8-76C0-66CE5A0771B2}.Release|Any CPU.ActiveCfg = Release|Any CPU
		{EC9814FD-EF55-A4C8-76C0-66CE5A0771B2}.Release|Any CPU.Build.0 = Release|Any CPU
		{4A9755A2-36A9-6804-80EE-6B0BE105AAC0}.Debug|Any CPU.ActiveCfg = Debug|Any CPU
		{4A9755A2-36A9-6804-80EE-6B0BE105AAC0}.Debug|Any CPU.Build.0 = Debug|Any CPU
		{4A9755A2-36A9-6804-80EE-6B0BE105AAC0}.Release|Any CPU.ActiveCfg = Release|Any CPU
		{4A9755A2-36A9-6804-80EE-6B0BE105AAC0}.Release|Any CPU.Build.0 = Release|Any CPU
		{252FA04A-044E-335A-D658-A5A4147697A2}.Debug|Any CPU.ActiveCfg = Debug|Any CPU
		{252FA04A-044E-335A-D658-A5A4147697A2}.Debug|Any CPU.Build.0 = Debug|Any CPU
		{252FA04A-044E-335A-D658-A5A4147697A2}.Release|Any CPU.ActiveCfg = Release|Any CPU
		{252FA04A-044E-335A-D658-A5A4147697A2}.Release|Any CPU.Build.0 = Release|Any CPU
		{BDE61A79-4EA8-1E29-AA1C-C9B546A696A8}.Debug|Any CPU.ActiveCfg = Debug|Any CPU
		{BDE61A79-4EA8-1E29-AA1C-C9B546A696A8}.Debug|Any CPU.Build.0 = Debug|Any CPU
		{BDE61A79-4EA8-1E29-AA1C-C9B546A696A8}.Release|Any CPU.ActiveCfg = Release|Any CPU
		{BDE61A79-4EA8-1E29-AA1C-C9B546A696A8}.Release|Any CPU.Build.0 = Release|Any CPU
		{EC386B3B-25BE-5668-2D8D-7E904DAD8254}.Debug|Any CPU.ActiveCfg = Debug|Any CPU
		{EC386B3B-25BE-5668-2D8D-7E904DAD8254}.Debug|Any CPU.Build.0 = Debug|Any CPU
		{EC386B3B-25BE-5668-2D8D-7E904DAD8254}.Release|Any CPU.ActiveCfg = Release|Any CPU
		{EC386B3B-25BE-5668-2D8D-7E904DAD8254}.Release|Any CPU.Build.0 = Release|Any CPU
		{459449A5-A114-AD7E-B5CF-FD27A4412333}.Debug|Any CPU.ActiveCfg = Debug|Any CPU
		{459449A5-A114-AD7E-B5CF-FD27A4412333}.Debug|Any CPU.Build.0 = Debug|Any CPU
		{459449A5-A114-AD7E-B5CF-FD27A4412333}.Release|Any CPU.ActiveCfg = Release|Any CPU
		{459449A5-A114-AD7E-B5CF-FD27A4412333}.Release|Any CPU.Build.0 = Release|Any CPU
		{4ABFF0F2-C8FC-C3F2-3D07-7F18F9FE57BC}.Debug|Any CPU.ActiveCfg = Debug|Any CPU
		{4ABFF0F2-C8FC-C3F2-3D07-7F18F9FE57BC}.Debug|Any CPU.Build.0 = Debug|Any CPU
		{4ABFF0F2-C8FC-C3F2-3D07-7F18F9FE57BC}.Release|Any CPU.ActiveCfg = Release|Any CPU
		{4ABFF0F2-C8FC-C3F2-3D07-7F18F9FE57BC}.Release|Any CPU.Build.0 = Release|Any CPU
		{1C5D203A-A0EA-F7F5-30F8-3520C6B8E2DD}.Debug|Any CPU.ActiveCfg = Debug|Any CPU
		{1C5D203A-A0EA-F7F5-30F8-3520C6B8E2DD}.Debug|Any CPU.Build.0 = Debug|Any CPU
		{1C5D203A-A0EA-F7F5-30F8-3520C6B8E2DD}.Release|Any CPU.ActiveCfg = Release|Any CPU
		{1C5D203A-A0EA-F7F5-30F8-3520C6B8E2DD}.Release|Any CPU.Build.0 = Release|Any CPU
		{CD2CF068-4621-EA04-B9DE-7B08399C9D04}.Debug|Any CPU.ActiveCfg = Debug|Any CPU
		{CD2CF068-4621-EA04-B9DE-7B08399C9D04}.Debug|Any CPU.Build.0 = Debug|Any CPU
		{CD2CF068-4621-EA04-B9DE-7B08399C9D04}.Release|Any CPU.ActiveCfg = Release|Any CPU
		{CD2CF068-4621-EA04-B9DE-7B08399C9D04}.Release|Any CPU.Build.0 = Release|Any CPU
	EndGlobalSection
	GlobalSection(SolutionProperties) = preSolution
		HideSolutionNode = FALSE
	EndGlobalSection
EndGlobal
